// !$*UTF8*$!
{
	archiveVersion = 1;
	classes = {
	};
	objectVersion = 56;
	objects = {

/* Begin PBXBuildFile section */
		AD3918BA2BCD67A200E57AF7 /* HelpTechApp.swift in Sources */ = {isa = PBXBuildFile; fileRef = AD3918B92BCD67A200E57AF7 /* HelpTechApp.swift */; };
		AD3918BC2BCD67A200E57AF7 /* LoginPageView.swift in Sources */ = {isa = PBXBuildFile; fileRef = AD3918BB2BCD67A200E57AF7 /* LoginPageView.swift */; };
		AD3918BE2BCD67A400E57AF7 /* Assets.xcassets in Resources */ = {isa = PBXBuildFile; fileRef = AD3918BD2BCD67A400E57AF7 /* Assets.xcassets */; };
		AD3918C12BCD67A400E57AF7 /* Preview Assets.xcassets in Resources */ = {isa = PBXBuildFile; fileRef = AD3918C02BCD67A400E57AF7 /* Preview Assets.xcassets */; };
		AD3EA1EE2BFF9C8F0044139B /* PersistenceController.swift in Sources */ = {isa = PBXBuildFile; fileRef = AD3EA1ED2BFF9C8F0044139B /* PersistenceController.swift */; };
		AD7F2BFA2BFA8FB1000C8A4A /* NewEditClientPageView.swift in Sources */ = {isa = PBXBuildFile; fileRef = AD7F2BF92BFA8FB1000C8A4A /* NewEditClientPageView.swift */; };
		AD7F2BFC2BFA8FDA000C8A4A /* NewEditClientPageViewModel.swift in Sources */ = {isa = PBXBuildFile; fileRef = AD7F2BFB2BFA8FDA000C8A4A /* NewEditClientPageViewModel.swift */; };
		AD7F2BFE2BFABEB1000C8A4A /* PartsPageView.swift in Sources */ = {isa = PBXBuildFile; fileRef = AD7F2BFD2BFABEB1000C8A4A /* PartsPageView.swift */; };
		AD7F2C002BFABEE2000C8A4A /* PartsPageViewModel.swift in Sources */ = {isa = PBXBuildFile; fileRef = AD7F2BFF2BFABEE2000C8A4A /* PartsPageViewModel.swift */; };
		AD7F2C022BFABFCF000C8A4A /* Part.swift in Sources */ = {isa = PBXBuildFile; fileRef = AD7F2C012BFABFCF000C8A4A /* Part.swift */; };
		AD7F2C042BFABFDE000C8A4A /* Request.swift in Sources */ = {isa = PBXBuildFile; fileRef = AD7F2C032BFABFDE000C8A4A /* Request.swift */; };
		AD7F2C062BFAC1CB000C8A4A /* Supplier.swift in Sources */ = {isa = PBXBuildFile; fileRef = AD7F2C052BFAC1CB000C8A4A /* Supplier.swift */; };
		AD7F2C092BFAD629000C8A4A /* PartView.swift in Sources */ = {isa = PBXBuildFile; fileRef = AD7F2C082BFAD629000C8A4A /* PartView.swift */; };
		AD7F2C0F2BFAD65E000C8A4A /* PartViewModel.swift in Sources */ = {isa = PBXBuildFile; fileRef = AD7F2C0E2BFAD65E000C8A4A /* PartViewModel.swift */; };
		AD7F2C112BFAD673000C8A4A /* ClientViewModel.swift in Sources */ = {isa = PBXBuildFile; fileRef = AD7F2C102BFAD673000C8A4A /* ClientViewModel.swift */; };
		AD891DD62BF18E2C007F92EF /* AlertNoStock.swift in Sources */ = {isa = PBXBuildFile; fileRef = AD891DD52BF18E2C007F92EF /* AlertNoStock.swift */; };
		AD891DD82BF18E39007F92EF /* AlertAskStock.swift in Sources */ = {isa = PBXBuildFile; fileRef = AD891DD72BF18E39007F92EF /* AlertAskStock.swift */; };
		AD891DDB2BF285A6007F92EF /* ClientView.swift in Sources */ = {isa = PBXBuildFile; fileRef = AD891DDA2BF285A6007F92EF /* ClientView.swift */; };
		AD891DDF2BF28766007F92EF /* DeleteButton.swift in Sources */ = {isa = PBXBuildFile; fileRef = AD891DDE2BF28766007F92EF /* DeleteButton.swift */; };
		AD891DE12BF28791007F92EF /* EditButton.swift in Sources */ = {isa = PBXBuildFile; fileRef = AD891DE02BF28791007F92EF /* EditButton.swift */; };
		AD891DE52BF29DF7007F92EF /* ClientPageView.swift in Sources */ = {isa = PBXBuildFile; fileRef = AD891DE42BF29DF7007F92EF /* ClientPageView.swift */; };
		AD891DE72BF29E4E007F92EF /* ClientPageViewModel.swift in Sources */ = {isa = PBXBuildFile; fileRef = AD891DE62BF29E4E007F92EF /* ClientPageViewModel.swift */; };
		AD891DE92BF2AA58007F92EF /* Client.swift in Sources */ = {isa = PBXBuildFile; fileRef = AD891DE82BF2AA58007F92EF /* Client.swift */; };
		AD9D5D0C2BFB3F7800D809C6 /* RequestPageView.swift in Sources */ = {isa = PBXBuildFile; fileRef = AD9D5D0B2BFB3F7800D809C6 /* RequestPageView.swift */; };
		AD9D5D0E2BFB3F8400D809C6 /* RequestPageViewModel.swift in Sources */ = {isa = PBXBuildFile; fileRef = AD9D5D0D2BFB3F8400D809C6 /* RequestPageViewModel.swift */; };
		AD9D5D112BFB3F9900D809C6 /* RequestView.swift in Sources */ = {isa = PBXBuildFile; fileRef = AD9D5D102BFB3F9900D809C6 /* RequestView.swift */; };
		AD9D5D132BFB3FA200D809C6 /* RequestViewModel.swift in Sources */ = {isa = PBXBuildFile; fileRef = AD9D5D122BFB3FA200D809C6 /* RequestViewModel.swift */; };
		AD9D5D172BFB409900D809C6 /* User.swift in Sources */ = {isa = PBXBuildFile; fileRef = AD9D5D162BFB409900D809C6 /* User.swift */; };
		AD9D5D1E2BFB456D00D809C6 /* EquipmentType.swift in Sources */ = {isa = PBXBuildFile; fileRef = AD9D5D1D2BFB456D00D809C6 /* EquipmentType.swift */; };
		AD9D5D222BFB458F00D809C6 /* RequestStatus.swift in Sources */ = {isa = PBXBuildFile; fileRef = AD9D5D212BFB458F00D809C6 /* RequestStatus.swift */; };
		AD9D5D2A2BFBACB200D809C6 /* ClientMocks.swift in Sources */ = {isa = PBXBuildFile; fileRef = AD9D5D292BFBACB200D809C6 /* ClientMocks.swift */; };
		AD9D5D2C2BFBACDB00D809C6 /* PartMocks.swift in Sources */ = {isa = PBXBuildFile; fileRef = AD9D5D2B2BFBACDB00D809C6 /* PartMocks.swift */; };
		AD9D5D2E2BFBADC600D809C6 /* SupplierMocks.swift in Sources */ = {isa = PBXBuildFile; fileRef = AD9D5D2D2BFBADC600D809C6 /* SupplierMocks.swift */; };
		AD9D5D302BFBAE4E00D809C6 /* RequestMocks.swift in Sources */ = {isa = PBXBuildFile; fileRef = AD9D5D2F2BFBAE4E00D809C6 /* RequestMocks.swift */; };
		AD9D5D322BFBAE9A00D809C6 /* UserMocks.swift in Sources */ = {isa = PBXBuildFile; fileRef = AD9D5D312BFBAE9A00D809C6 /* UserMocks.swift */; };
		ADBCD15B2C03CDB600E14E31 /* NewEditPartPageView.swift in Sources */ = {isa = PBXBuildFile; fileRef = ADBCD15A2C03CDB600E14E31 /* NewEditPartPageView.swift */; };
		ADBCD15D2C03CDC600E14E31 /* NewEditPartPageViewModel.swift in Sources */ = {isa = PBXBuildFile; fileRef = ADBCD15C2C03CDC600E14E31 /* NewEditPartPageViewModel.swift */; };
		ADBCD15F2C03E45800E14E31 /* SupplierDropdown.swift in Sources */ = {isa = PBXBuildFile; fileRef = ADBCD15E2C03E45700E14E31 /* SupplierDropdown.swift */; };
		ADBCD1612C03E4E300E14E31 /* SupplierDropdownViewModel.swift in Sources */ = {isa = PBXBuildFile; fileRef = ADBCD1602C03E4E300E14E31 /* SupplierDropdownViewModel.swift */; };
		ADF41DE62BE9152F00D3D791 /* HomePageView.swift in Sources */ = {isa = PBXBuildFile; fileRef = ADF41DE52BE9152F00D3D791 /* HomePageView.swift */; };
		ADF41DE82BE9153800D3D791 /* HomePageViewModel.swift in Sources */ = {isa = PBXBuildFile; fileRef = ADF41DE72BE9153800D3D791 /* HomePageViewModel.swift */; };
		ADF41DEA2BE91CEF00D3D791 /* RecoverPasswordPageView.swift in Sources */ = {isa = PBXBuildFile; fileRef = ADF41DE92BE91CEF00D3D791 /* RecoverPasswordPageView.swift */; };
		ADF41DEC2BE91CF700D3D791 /* RecoverPasswordPageViewModel.swift in Sources */ = {isa = PBXBuildFile; fileRef = ADF41DEB2BE91CF700D3D791 /* RecoverPasswordPageViewModel.swift */; };
		ADF41DEE2BE932A100D3D791 /* SignUpPageView.swift in Sources */ = {isa = PBXBuildFile; fileRef = ADF41DED2BE932A100D3D791 /* SignUpPageView.swift */; };
		ADF41DF02BE932AA00D3D791 /* SignUpPageViewModel.swift in Sources */ = {isa = PBXBuildFile; fileRef = ADF41DEF2BE932AA00D3D791 /* SignUpPageViewModel.swift */; };
		ADF433702BCD78CC00AB3A98 /* UI.h in Headers */ = {isa = PBXBuildFile; fileRef = ADF4336F2BCD78CC00AB3A98 /* UI.h */; settings = {ATTRIBUTES = (Public, ); }; };
		ADF433732BCD78CC00AB3A98 /* UI.framework in Frameworks */ = {isa = PBXBuildFile; fileRef = ADF4336D2BCD78CC00AB3A98 /* UI.framework */; };
		ADF433742BCD78CC00AB3A98 /* UI.framework in Embed Frameworks */ = {isa = PBXBuildFile; fileRef = ADF4336D2BCD78CC00AB3A98 /* UI.framework */; settings = {ATTRIBUTES = (CodeSignOnCopy, RemoveHeadersOnCopy, ); }; };
		ADF433812BCD78E100AB3A98 /* Common.h in Headers */ = {isa = PBXBuildFile; fileRef = ADF433802BCD78E100AB3A98 /* Common.h */; settings = {ATTRIBUTES = (Public, ); }; };
		ADF433842BCD78E100AB3A98 /* Common.framework in Frameworks */ = {isa = PBXBuildFile; fileRef = ADF4337E2BCD78E100AB3A98 /* Common.framework */; };
		ADF433852BCD78E100AB3A98 /* Common.framework in Embed Frameworks */ = {isa = PBXBuildFile; fileRef = ADF4337E2BCD78E100AB3A98 /* Common.framework */; settings = {ATTRIBUTES = (CodeSignOnCopy, RemoveHeadersOnCopy, ); }; };
		ADF433912BCD78EE00AB3A98 /* Domain.h in Headers */ = {isa = PBXBuildFile; fileRef = ADF433902BCD78EE00AB3A98 /* Domain.h */; settings = {ATTRIBUTES = (Public, ); }; };
		ADF433942BCD78EE00AB3A98 /* Domain.framework in Frameworks */ = {isa = PBXBuildFile; fileRef = ADF4338E2BCD78ED00AB3A98 /* Domain.framework */; };
		ADF433952BCD78EE00AB3A98 /* Domain.framework in Embed Frameworks */ = {isa = PBXBuildFile; fileRef = ADF4338E2BCD78ED00AB3A98 /* Domain.framework */; settings = {ATTRIBUTES = (CodeSignOnCopy, RemoveHeadersOnCopy, ); }; };
		ADF433A12BCD78F800AB3A98 /* DataBase.h in Headers */ = {isa = PBXBuildFile; fileRef = ADF433A02BCD78F800AB3A98 /* DataBase.h */; settings = {ATTRIBUTES = (Public, ); }; };
		ADF433A42BCD78F800AB3A98 /* DataBase.framework in Frameworks */ = {isa = PBXBuildFile; fileRef = ADF4339E2BCD78F800AB3A98 /* DataBase.framework */; };
		ADF433A52BCD78F800AB3A98 /* DataBase.framework in Embed Frameworks */ = {isa = PBXBuildFile; fileRef = ADF4339E2BCD78F800AB3A98 /* DataBase.framework */; settings = {ATTRIBUTES = (CodeSignOnCopy, RemoveHeadersOnCopy, ); }; };
		ADF433AA2BCD792200AB3A98 /* Common.framework in Frameworks */ = {isa = PBXBuildFile; fileRef = ADF4337E2BCD78E100AB3A98 /* Common.framework */; };
		ADF433AF2BCD793E00AB3A98 /* DataBase.framework in Frameworks */ = {isa = PBXBuildFile; fileRef = ADF4339E2BCD78F800AB3A98 /* DataBase.framework */; };
		ADF433B42BCD794B00AB3A98 /* Common.framework in Frameworks */ = {isa = PBXBuildFile; fileRef = ADF4337E2BCD78E100AB3A98 /* Common.framework */; };
		ADF433BB2BCD7A0B00AB3A98 /* HelpTechApp.xcdatamodeld in Sources */ = {isa = PBXBuildFile; fileRef = ADF433B92BCD7A0B00AB3A98 /* HelpTechApp.xcdatamodeld */; };
		ADFF113C2BDFFD8400B88DD4 /* LoginPageViewModel.swift in Sources */ = {isa = PBXBuildFile; fileRef = ADFF113B2BDFFD8400B88DD4 /* LoginPageViewModel.swift */; };
		ADFF113F2BDFFE3400B88DD4 /* ViewModelProtocol.swift in Sources */ = {isa = PBXBuildFile; fileRef = ADFF113E2BDFFE3400B88DD4 /* ViewModelProtocol.swift */; };
		ADFF11472BE020CC00B88DD4 /* CustomButton.swift in Sources */ = {isa = PBXBuildFile; fileRef = ADFF11462BE020CC00B88DD4 /* CustomButton.swift */; };
		ADFF11492BE020D800B88DD4 /* CustomTextField.swift in Sources */ = {isa = PBXBuildFile; fileRef = ADFF11482BE020D800B88DD4 /* CustomTextField.swift */; };
		ADFF114B2BE0211B00B88DD4 /* CustomTextFieldViewModel.swift in Sources */ = {isa = PBXBuildFile; fileRef = ADFF114A2BE0211B00B88DD4 /* CustomTextFieldViewModel.swift */; };
		ADFF114D2BE02EFB00B88DD4 /* PasswordTextField.swift in Sources */ = {isa = PBXBuildFile; fileRef = ADFF114C2BE02EFB00B88DD4 /* PasswordTextField.swift */; };
		ADFF114F2BE0330900B88DD4 /* BackButton.swift in Sources */ = {isa = PBXBuildFile; fileRef = ADFF114E2BE0330900B88DD4 /* BackButton.swift */; };
		ADFF11522BE0341800B88DD4 /* VoidHandler.swift in Sources */ = {isa = PBXBuildFile; fileRef = ADFF11512BE0341800B88DD4 /* VoidHandler.swift */; };
/* End PBXBuildFile section */

/* Begin PBXContainerItemProxy section */
		ADF433712BCD78CC00AB3A98 /* PBXContainerItemProxy */ = {
			isa = PBXContainerItemProxy;
			containerPortal = AD3918AE2BCD67A200E57AF7 /* Project object */;
			proxyType = 1;
			remoteGlobalIDString = ADF4336C2BCD78CC00AB3A98;
			remoteInfo = UI;
		};
		ADF433822BCD78E100AB3A98 /* PBXContainerItemProxy */ = {
			isa = PBXContainerItemProxy;
			containerPortal = AD3918AE2BCD67A200E57AF7 /* Project object */;
			proxyType = 1;
			remoteGlobalIDString = ADF4337D2BCD78E100AB3A98;
			remoteInfo = Common;
		};
		ADF433922BCD78EE00AB3A98 /* PBXContainerItemProxy */ = {
			isa = PBXContainerItemProxy;
			containerPortal = AD3918AE2BCD67A200E57AF7 /* Project object */;
			proxyType = 1;
			remoteGlobalIDString = ADF4338D2BCD78ED00AB3A98;
			remoteInfo = Domain;
		};
		ADF433A22BCD78F800AB3A98 /* PBXContainerItemProxy */ = {
			isa = PBXContainerItemProxy;
			containerPortal = AD3918AE2BCD67A200E57AF7 /* Project object */;
			proxyType = 1;
			remoteGlobalIDString = ADF4339D2BCD78F800AB3A98;
			remoteInfo = DataBase;
		};
		ADF433AC2BCD792200AB3A98 /* PBXContainerItemProxy */ = {
			isa = PBXContainerItemProxy;
			containerPortal = AD3918AE2BCD67A200E57AF7 /* Project object */;
			proxyType = 1;
			remoteGlobalIDString = ADF4337D2BCD78E100AB3A98;
			remoteInfo = Common;
		};
		ADF433B12BCD793E00AB3A98 /* PBXContainerItemProxy */ = {
			isa = PBXContainerItemProxy;
			containerPortal = AD3918AE2BCD67A200E57AF7 /* Project object */;
			proxyType = 1;
			remoteGlobalIDString = ADF4339D2BCD78F800AB3A98;
			remoteInfo = DataBase;
		};
		ADF433B62BCD794B00AB3A98 /* PBXContainerItemProxy */ = {
			isa = PBXContainerItemProxy;
			containerPortal = AD3918AE2BCD67A200E57AF7 /* Project object */;
			proxyType = 1;
			remoteGlobalIDString = ADF4337D2BCD78E100AB3A98;
			remoteInfo = Common;
		};
/* End PBXContainerItemProxy section */

/* Begin PBXCopyFilesBuildPhase section */
		ADF433782BCD78CC00AB3A98 /* Embed Frameworks */ = {
			isa = PBXCopyFilesBuildPhase;
			buildActionMask = 2147483647;
			dstPath = "";
			dstSubfolderSpec = 10;
			files = (
				ADF433952BCD78EE00AB3A98 /* Domain.framework in Embed Frameworks */,
				ADF433742BCD78CC00AB3A98 /* UI.framework in Embed Frameworks */,
				ADF433852BCD78E100AB3A98 /* Common.framework in Embed Frameworks */,
				ADF433A52BCD78F800AB3A98 /* DataBase.framework in Embed Frameworks */,
			);
			name = "Embed Frameworks";
			runOnlyForDeploymentPostprocessing = 0;
		};
/* End PBXCopyFilesBuildPhase section */

/* Begin PBXFileReference section */
		AD3918B62BCD67A200E57AF7 /* HelpTech.app */ = {isa = PBXFileReference; explicitFileType = wrapper.application; includeInIndex = 0; path = HelpTech.app; sourceTree = BUILT_PRODUCTS_DIR; };
		AD3918B92BCD67A200E57AF7 /* HelpTechApp.swift */ = {isa = PBXFileReference; lastKnownFileType = sourcecode.swift; path = HelpTechApp.swift; sourceTree = "<group>"; };
		AD3918BB2BCD67A200E57AF7 /* LoginPageView.swift */ = {isa = PBXFileReference; lastKnownFileType = sourcecode.swift; path = LoginPageView.swift; sourceTree = "<group>"; };
		AD3918BD2BCD67A400E57AF7 /* Assets.xcassets */ = {isa = PBXFileReference; lastKnownFileType = folder.assetcatalog; path = Assets.xcassets; sourceTree = "<group>"; };
		AD3918C02BCD67A400E57AF7 /* Preview Assets.xcassets */ = {isa = PBXFileReference; lastKnownFileType = folder.assetcatalog; path = "Preview Assets.xcassets"; sourceTree = "<group>"; };
		AD3EA1ED2BFF9C8F0044139B /* PersistenceController.swift */ = {isa = PBXFileReference; lastKnownFileType = sourcecode.swift; path = PersistenceController.swift; sourceTree = "<group>"; };
		AD7F2BF92BFA8FB1000C8A4A /* NewEditClientPageView.swift */ = {isa = PBXFileReference; lastKnownFileType = sourcecode.swift; path = NewEditClientPageView.swift; sourceTree = "<group>"; };
		AD7F2BFB2BFA8FDA000C8A4A /* NewEditClientPageViewModel.swift */ = {isa = PBXFileReference; lastKnownFileType = sourcecode.swift; path = NewEditClientPageViewModel.swift; sourceTree = "<group>"; };
		AD7F2BFD2BFABEB1000C8A4A /* PartsPageView.swift */ = {isa = PBXFileReference; lastKnownFileType = sourcecode.swift; path = PartsPageView.swift; sourceTree = "<group>"; };
		AD7F2BFF2BFABEE2000C8A4A /* PartsPageViewModel.swift */ = {isa = PBXFileReference; lastKnownFileType = sourcecode.swift; path = PartsPageViewModel.swift; sourceTree = "<group>"; };
		AD7F2C012BFABFCF000C8A4A /* Part.swift */ = {isa = PBXFileReference; lastKnownFileType = sourcecode.swift; name = Part.swift; path = HelpTech/Presentation/PartsPage/Part.swift; sourceTree = SOURCE_ROOT; };
		AD7F2C032BFABFDE000C8A4A /* Request.swift */ = {isa = PBXFileReference; lastKnownFileType = sourcecode.swift; path = Request.swift; sourceTree = "<group>"; };
		AD7F2C052BFAC1CB000C8A4A /* Supplier.swift */ = {isa = PBXFileReference; lastKnownFileType = sourcecode.swift; path = Supplier.swift; sourceTree = "<group>"; };
		AD7F2C082BFAD629000C8A4A /* PartView.swift */ = {isa = PBXFileReference; lastKnownFileType = sourcecode.swift; path = PartView.swift; sourceTree = "<group>"; };
		AD7F2C0E2BFAD65E000C8A4A /* PartViewModel.swift */ = {isa = PBXFileReference; lastKnownFileType = sourcecode.swift; path = PartViewModel.swift; sourceTree = "<group>"; };
		AD7F2C102BFAD673000C8A4A /* ClientViewModel.swift */ = {isa = PBXFileReference; lastKnownFileType = sourcecode.swift; path = ClientViewModel.swift; sourceTree = "<group>"; };
		AD891DD52BF18E2C007F92EF /* AlertNoStock.swift */ = {isa = PBXFileReference; lastKnownFileType = sourcecode.swift; path = AlertNoStock.swift; sourceTree = "<group>"; };
		AD891DD72BF18E39007F92EF /* AlertAskStock.swift */ = {isa = PBXFileReference; lastKnownFileType = sourcecode.swift; path = AlertAskStock.swift; sourceTree = "<group>"; };
		AD891DDA2BF285A6007F92EF /* ClientView.swift */ = {isa = PBXFileReference; lastKnownFileType = sourcecode.swift; path = ClientView.swift; sourceTree = "<group>"; };
		AD891DDE2BF28766007F92EF /* DeleteButton.swift */ = {isa = PBXFileReference; lastKnownFileType = sourcecode.swift; path = DeleteButton.swift; sourceTree = "<group>"; };
		AD891DE02BF28791007F92EF /* EditButton.swift */ = {isa = PBXFileReference; lastKnownFileType = sourcecode.swift; path = EditButton.swift; sourceTree = "<group>"; };
		AD891DE42BF29DF7007F92EF /* ClientPageView.swift */ = {isa = PBXFileReference; lastKnownFileType = sourcecode.swift; path = ClientPageView.swift; sourceTree = "<group>"; };
		AD891DE62BF29E4E007F92EF /* ClientPageViewModel.swift */ = {isa = PBXFileReference; lastKnownFileType = sourcecode.swift; path = ClientPageViewModel.swift; sourceTree = "<group>"; };
		AD891DE82BF2AA58007F92EF /* Client.swift */ = {isa = PBXFileReference; lastKnownFileType = sourcecode.swift; path = Client.swift; sourceTree = "<group>"; };
		AD9D5D0B2BFB3F7800D809C6 /* RequestPageView.swift */ = {isa = PBXFileReference; lastKnownFileType = sourcecode.swift; path = RequestPageView.swift; sourceTree = "<group>"; };
		AD9D5D0D2BFB3F8400D809C6 /* RequestPageViewModel.swift */ = {isa = PBXFileReference; lastKnownFileType = sourcecode.swift; path = RequestPageViewModel.swift; sourceTree = "<group>"; };
		AD9D5D102BFB3F9900D809C6 /* RequestView.swift */ = {isa = PBXFileReference; lastKnownFileType = sourcecode.swift; path = RequestView.swift; sourceTree = "<group>"; };
		AD9D5D122BFB3FA200D809C6 /* RequestViewModel.swift */ = {isa = PBXFileReference; lastKnownFileType = sourcecode.swift; path = RequestViewModel.swift; sourceTree = "<group>"; };
		AD9D5D162BFB409900D809C6 /* User.swift */ = {isa = PBXFileReference; lastKnownFileType = sourcecode.swift; path = User.swift; sourceTree = "<group>"; };
		AD9D5D1D2BFB456D00D809C6 /* EquipmentType.swift */ = {isa = PBXFileReference; lastKnownFileType = sourcecode.swift; path = EquipmentType.swift; sourceTree = "<group>"; };
		AD9D5D212BFB458F00D809C6 /* RequestStatus.swift */ = {isa = PBXFileReference; lastKnownFileType = sourcecode.swift; path = RequestStatus.swift; sourceTree = "<group>"; };
		AD9D5D292BFBACB200D809C6 /* ClientMocks.swift */ = {isa = PBXFileReference; lastKnownFileType = sourcecode.swift; path = ClientMocks.swift; sourceTree = "<group>"; };
		AD9D5D2B2BFBACDB00D809C6 /* PartMocks.swift */ = {isa = PBXFileReference; lastKnownFileType = sourcecode.swift; path = PartMocks.swift; sourceTree = "<group>"; };
		AD9D5D2D2BFBADC600D809C6 /* SupplierMocks.swift */ = {isa = PBXFileReference; lastKnownFileType = sourcecode.swift; path = SupplierMocks.swift; sourceTree = "<group>"; };
		AD9D5D2F2BFBAE4E00D809C6 /* RequestMocks.swift */ = {isa = PBXFileReference; lastKnownFileType = sourcecode.swift; path = RequestMocks.swift; sourceTree = "<group>"; };
		AD9D5D312BFBAE9A00D809C6 /* UserMocks.swift */ = {isa = PBXFileReference; lastKnownFileType = sourcecode.swift; path = UserMocks.swift; sourceTree = "<group>"; };
		ADBCD15A2C03CDB600E14E31 /* NewEditPartPageView.swift */ = {isa = PBXFileReference; lastKnownFileType = sourcecode.swift; path = NewEditPartPageView.swift; sourceTree = "<group>"; };
		ADBCD15C2C03CDC600E14E31 /* NewEditPartPageViewModel.swift */ = {isa = PBXFileReference; lastKnownFileType = sourcecode.swift; path = NewEditPartPageViewModel.swift; sourceTree = "<group>"; };
		ADBCD15E2C03E45700E14E31 /* SupplierDropdown.swift */ = {isa = PBXFileReference; lastKnownFileType = sourcecode.swift; path = SupplierDropdown.swift; sourceTree = "<group>"; };
		ADBCD1602C03E4E300E14E31 /* SupplierDropdownViewModel.swift */ = {isa = PBXFileReference; lastKnownFileType = sourcecode.swift; path = SupplierDropdownViewModel.swift; sourceTree = "<group>"; };
		ADF41DE52BE9152F00D3D791 /* HomePageView.swift */ = {isa = PBXFileReference; lastKnownFileType = sourcecode.swift; path = HomePageView.swift; sourceTree = "<group>"; };
		ADF41DE72BE9153800D3D791 /* HomePageViewModel.swift */ = {isa = PBXFileReference; lastKnownFileType = sourcecode.swift; path = HomePageViewModel.swift; sourceTree = "<group>"; };
		ADF41DE92BE91CEF00D3D791 /* RecoverPasswordPageView.swift */ = {isa = PBXFileReference; lastKnownFileType = sourcecode.swift; path = RecoverPasswordPageView.swift; sourceTree = "<group>"; };
		ADF41DEB2BE91CF700D3D791 /* RecoverPasswordPageViewModel.swift */ = {isa = PBXFileReference; lastKnownFileType = sourcecode.swift; path = RecoverPasswordPageViewModel.swift; sourceTree = "<group>"; };
		ADF41DED2BE932A100D3D791 /* SignUpPageView.swift */ = {isa = PBXFileReference; lastKnownFileType = sourcecode.swift; path = SignUpPageView.swift; sourceTree = "<group>"; };
		ADF41DEF2BE932AA00D3D791 /* SignUpPageViewModel.swift */ = {isa = PBXFileReference; lastKnownFileType = sourcecode.swift; path = SignUpPageViewModel.swift; sourceTree = "<group>"; };
		ADF4336D2BCD78CC00AB3A98 /* UI.framework */ = {isa = PBXFileReference; explicitFileType = wrapper.framework; includeInIndex = 0; path = UI.framework; sourceTree = BUILT_PRODUCTS_DIR; };
		ADF4336F2BCD78CC00AB3A98 /* UI.h */ = {isa = PBXFileReference; lastKnownFileType = sourcecode.c.h; path = UI.h; sourceTree = "<group>"; };
		ADF4337E2BCD78E100AB3A98 /* Common.framework */ = {isa = PBXFileReference; explicitFileType = wrapper.framework; includeInIndex = 0; path = Common.framework; sourceTree = BUILT_PRODUCTS_DIR; };
		ADF433802BCD78E100AB3A98 /* Common.h */ = {isa = PBXFileReference; lastKnownFileType = sourcecode.c.h; path = Common.h; sourceTree = "<group>"; };
		ADF4338E2BCD78ED00AB3A98 /* Domain.framework */ = {isa = PBXFileReference; explicitFileType = wrapper.framework; includeInIndex = 0; path = Domain.framework; sourceTree = BUILT_PRODUCTS_DIR; };
		ADF433902BCD78EE00AB3A98 /* Domain.h */ = {isa = PBXFileReference; lastKnownFileType = sourcecode.c.h; path = Domain.h; sourceTree = "<group>"; };
		ADF4339E2BCD78F800AB3A98 /* DataBase.framework */ = {isa = PBXFileReference; explicitFileType = wrapper.framework; includeInIndex = 0; path = DataBase.framework; sourceTree = BUILT_PRODUCTS_DIR; };
		ADF433A02BCD78F800AB3A98 /* DataBase.h */ = {isa = PBXFileReference; lastKnownFileType = sourcecode.c.h; path = DataBase.h; sourceTree = "<group>"; };
		ADF433BA2BCD7A0B00AB3A98 /* HelpTechApp.xcdatamodel */ = {isa = PBXFileReference; lastKnownFileType = wrapper.xcdatamodel; path = HelpTechApp.xcdatamodel; sourceTree = "<group>"; };
		ADFF113B2BDFFD8400B88DD4 /* LoginPageViewModel.swift */ = {isa = PBXFileReference; lastKnownFileType = sourcecode.swift; path = LoginPageViewModel.swift; sourceTree = "<group>"; };
		ADFF113E2BDFFE3400B88DD4 /* ViewModelProtocol.swift */ = {isa = PBXFileReference; lastKnownFileType = sourcecode.swift; path = ViewModelProtocol.swift; sourceTree = "<group>"; };
		ADFF11462BE020CC00B88DD4 /* CustomButton.swift */ = {isa = PBXFileReference; lastKnownFileType = sourcecode.swift; path = CustomButton.swift; sourceTree = "<group>"; };
		ADFF11482BE020D800B88DD4 /* CustomTextField.swift */ = {isa = PBXFileReference; lastKnownFileType = sourcecode.swift; path = CustomTextField.swift; sourceTree = "<group>"; };
		ADFF114A2BE0211B00B88DD4 /* CustomTextFieldViewModel.swift */ = {isa = PBXFileReference; lastKnownFileType = sourcecode.swift; path = CustomTextFieldViewModel.swift; sourceTree = "<group>"; };
		ADFF114C2BE02EFB00B88DD4 /* PasswordTextField.swift */ = {isa = PBXFileReference; lastKnownFileType = sourcecode.swift; path = PasswordTextField.swift; sourceTree = "<group>"; };
		ADFF114E2BE0330900B88DD4 /* BackButton.swift */ = {isa = PBXFileReference; lastKnownFileType = sourcecode.swift; path = BackButton.swift; sourceTree = "<group>"; };
		ADFF11512BE0341800B88DD4 /* VoidHandler.swift */ = {isa = PBXFileReference; lastKnownFileType = sourcecode.swift; path = VoidHandler.swift; sourceTree = "<group>"; };
/* End PBXFileReference section */

/* Begin PBXFrameworksBuildPhase section */
		AD3918B32BCD67A200E57AF7 /* Frameworks */ = {
			isa = PBXFrameworksBuildPhase;
			buildActionMask = 2147483647;
			files = (
				ADF433942BCD78EE00AB3A98 /* Domain.framework in Frameworks */,
				ADF433732BCD78CC00AB3A98 /* UI.framework in Frameworks */,
				ADF433842BCD78E100AB3A98 /* Common.framework in Frameworks */,
				ADF433A42BCD78F800AB3A98 /* DataBase.framework in Frameworks */,
			);
			runOnlyForDeploymentPostprocessing = 0;
		};
		ADF4336A2BCD78CC00AB3A98 /* Frameworks */ = {
			isa = PBXFrameworksBuildPhase;
			buildActionMask = 2147483647;
			files = (
				ADF433AA2BCD792200AB3A98 /* Common.framework in Frameworks */,
			);
			runOnlyForDeploymentPostprocessing = 0;
		};
		ADF4337B2BCD78E100AB3A98 /* Frameworks */ = {
			isa = PBXFrameworksBuildPhase;
			buildActionMask = 2147483647;
			files = (
			);
			runOnlyForDeploymentPostprocessing = 0;
		};
		ADF4338B2BCD78ED00AB3A98 /* Frameworks */ = {
			isa = PBXFrameworksBuildPhase;
			buildActionMask = 2147483647;
			files = (
				ADF433AF2BCD793E00AB3A98 /* DataBase.framework in Frameworks */,
			);
			runOnlyForDeploymentPostprocessing = 0;
		};
		ADF4339B2BCD78F800AB3A98 /* Frameworks */ = {
			isa = PBXFrameworksBuildPhase;
			buildActionMask = 2147483647;
			files = (
				ADF433B42BCD794B00AB3A98 /* Common.framework in Frameworks */,
			);
			runOnlyForDeploymentPostprocessing = 0;
		};
/* End PBXFrameworksBuildPhase section */

/* Begin PBXGroup section */
		AD3918AD2BCD67A200E57AF7 = {
			isa = PBXGroup;
			children = (
				AD3918B82BCD67A200E57AF7 /* HelpTech */,
				ADF4336E2BCD78CC00AB3A98 /* UI */,
				ADF4337F2BCD78E100AB3A98 /* Common */,
				ADF4338F2BCD78EE00AB3A98 /* Domain */,
				ADF4339F2BCD78F800AB3A98 /* DataBase */,
				AD3918B72BCD67A200E57AF7 /* Products */,
				ADF433A92BCD792100AB3A98 /* Frameworks */,
			);
			sourceTree = "<group>";
		};
		AD3918B72BCD67A200E57AF7 /* Products */ = {
			isa = PBXGroup;
			children = (
				AD3918B62BCD67A200E57AF7 /* HelpTech.app */,
				ADF4336D2BCD78CC00AB3A98 /* UI.framework */,
				ADF4337E2BCD78E100AB3A98 /* Common.framework */,
				ADF4338E2BCD78ED00AB3A98 /* Domain.framework */,
				ADF4339E2BCD78F800AB3A98 /* DataBase.framework */,
			);
			name = Products;
			sourceTree = "<group>";
		};
		AD3918B82BCD67A200E57AF7 /* HelpTech */ = {
			isa = PBXGroup;
			children = (
				ADF433D02BCD7BDA00AB3A98 /* Common */,
				ADF433672BCD78AD00AB3A98 /* Presentation */,
				AD3918B92BCD67A200E57AF7 /* HelpTechApp.swift */,
				AD3EA1ED2BFF9C8F0044139B /* PersistenceController.swift */,
				AD3918BD2BCD67A400E57AF7 /* Assets.xcassets */,
				AD3918BF2BCD67A400E57AF7 /* Preview Content */,
			);
			path = HelpTech;
			sourceTree = "<group>";
		};
		AD3918BF2BCD67A400E57AF7 /* Preview Content */ = {
			isa = PBXGroup;
			children = (
				AD3918C02BCD67A400E57AF7 /* Preview Assets.xcassets */,
			);
			path = "Preview Content";
			sourceTree = "<group>";
		};
		AD7F2C072BFAD61A000C8A4A /* PartView */ = {
			isa = PBXGroup;
			children = (
				AD7F2C082BFAD629000C8A4A /* PartView.swift */,
				AD7F2C0E2BFAD65E000C8A4A /* PartViewModel.swift */,
			);
			path = PartView;
			sourceTree = "<group>";
		};
		AD891DCE2BF17D86007F92EF /* Dropdown */ = {
			isa = PBXGroup;
			children = (
				ADBCD15E2C03E45700E14E31 /* SupplierDropdown.swift */,
				ADBCD1602C03E4E300E14E31 /* SupplierDropdownViewModel.swift */,
			);
			path = Dropdown;
			sourceTree = "<group>";
		};
		AD891DD92BF28596007F92EF /* ClientView */ = {
			isa = PBXGroup;
			children = (
				AD891DDA2BF285A6007F92EF /* ClientView.swift */,
				AD7F2C102BFAD673000C8A4A /* ClientViewModel.swift */,
			);
			path = ClientView;
			sourceTree = "<group>";
		};
		AD9D5D0F2BFB3F8C00D809C6 /* RequestView */ = {
			isa = PBXGroup;
			children = (
				AD9D5D102BFB3F9900D809C6 /* RequestView.swift */,
				AD9D5D122BFB3FA200D809C6 /* RequestViewModel.swift */,
			);
			path = RequestView;
			sourceTree = "<group>";
		};
		AD9D5D262BFBAC4800D809C6 /* Mocks */ = {
			isa = PBXGroup;
			children = (
				AD9D5D292BFBACB200D809C6 /* ClientMocks.swift */,
				AD9D5D2B2BFBACDB00D809C6 /* PartMocks.swift */,
				AD9D5D2D2BFBADC600D809C6 /* SupplierMocks.swift */,
				AD9D5D2F2BFBAE4E00D809C6 /* RequestMocks.swift */,
				AD9D5D312BFBAE9A00D809C6 /* UserMocks.swift */,
			);
			path = Mocks;
			sourceTree = "<group>";
		};
		ADF433672BCD78AD00AB3A98 /* Presentation */ = {
			isa = PBXGroup;
			children = (
				ADF433CB2BCD7B8100AB3A98 /* NewEditPartPage */,
				ADF433CC2BCD7B8900AB3A98 /* NewEditRequestsPage */,
				ADF433CA2BCD7B7A00AB3A98 /* NewEditClientPage */,
				ADF433C92BCD7B3800AB3A98 /* PartsPage */,
				ADF433C82BCD7B1200AB3A98 /* RequestsPage */,
				ADF433C72BCD7AFE00AB3A98 /* ClientsPage */,
				ADF433C62BCD7AE700AB3A98 /* SignUpPage */,
				ADF433C52BCD7ACA00AB3A98 /* RecoverPasswordPage */,
				ADF433C42BCD7AC400AB3A98 /* HomePage */,
				ADF433C32BCD7ABB00AB3A98 /* LoginPage */,
			);
			path = Presentation;
			sourceTree = "<group>";
		};
		ADF4336E2BCD78CC00AB3A98 /* UI */ = {
			isa = PBXGroup;
			children = (
				AD9D5D0F2BFB3F8C00D809C6 /* RequestView */,
				AD7F2C072BFAD61A000C8A4A /* PartView */,
				AD891DD92BF28596007F92EF /* ClientView */,
				ADF433D12BCD7BF800AB3A98 /* AlertNoStock */,
				ADF433D22BCD7C1400AB3A98 /* AlertAskStock */,
				AD891DCE2BF17D86007F92EF /* Dropdown */,
				ADFF11452BE020BD00B88DD4 /* Button */,
				ADFF11442BE020AD00B88DD4 /* TextField */,
				ADF4336F2BCD78CC00AB3A98 /* UI.h */,
			);
			path = UI;
			sourceTree = "<group>";
		};
		ADF4337F2BCD78E100AB3A98 /* Common */ = {
			isa = PBXGroup;
			children = (
				ADFF11502BE033FA00B88DD4 /* TypeAlias */,
				ADF433BD2BCD7A2800AB3A98 /* DTOs */,
				ADF433BC2BCD7A2300AB3A98 /* Enums */,
				ADF433802BCD78E100AB3A98 /* Common.h */,
			);
			path = Common;
			sourceTree = "<group>";
		};
		ADF4338F2BCD78EE00AB3A98 /* Domain */ = {
			isa = PBXGroup;
			children = (
				AD9D5D262BFBAC4800D809C6 /* Mocks */,
				ADF433BF2BCD7A6C00AB3A98 /* Models */,
				ADF433BE2BCD7A5500AB3A98 /* UseCases */,
				ADF433902BCD78EE00AB3A98 /* Domain.h */,
			);
			path = Domain;
			sourceTree = "<group>";
		};
		ADF4339F2BCD78F800AB3A98 /* DataBase */ = {
			isa = PBXGroup;
			children = (
				ADF433C22BCD7A9200AB3A98 /* Repositories */,
				ADF433C12BCD7A8400AB3A98 /* Entities */,
				ADF433C02BCD7A7F00AB3A98 /* Common */,
				ADF433A02BCD78F800AB3A98 /* DataBase.h */,
				ADF433B92BCD7A0B00AB3A98 /* HelpTechApp.xcdatamodeld */,
			);
			path = DataBase;
			sourceTree = "<group>";
		};
		ADF433A92BCD792100AB3A98 /* Frameworks */ = {
			isa = PBXGroup;
			children = (
			);
			name = Frameworks;
			sourceTree = "<group>";
		};
		ADF433BC2BCD7A2300AB3A98 /* Enums */ = {
			isa = PBXGroup;
			children = (
				AD9D5D1D2BFB456D00D809C6 /* EquipmentType.swift */,
				AD9D5D212BFB458F00D809C6 /* RequestStatus.swift */,
			);
			path = Enums;
			sourceTree = "<group>";
		};
		ADF433BD2BCD7A2800AB3A98 /* DTOs */ = {
			isa = PBXGroup;
			children = (
			);
			path = DTOs;
			sourceTree = "<group>";
		};
		ADF433BE2BCD7A5500AB3A98 /* UseCases */ = {
			isa = PBXGroup;
			children = (
			);
			path = UseCases;
			sourceTree = "<group>";
		};
		ADF433BF2BCD7A6C00AB3A98 /* Models */ = {
			isa = PBXGroup;
			children = (
				AD891DE82BF2AA58007F92EF /* Client.swift */,
				AD7F2C012BFABFCF000C8A4A /* Part.swift */,
				AD7F2C032BFABFDE000C8A4A /* Request.swift */,
				AD7F2C052BFAC1CB000C8A4A /* Supplier.swift */,
				AD9D5D162BFB409900D809C6 /* User.swift */,
			);
			path = Models;
			sourceTree = "<group>";
		};
		ADF433C02BCD7A7F00AB3A98 /* Common */ = {
			isa = PBXGroup;
			children = (
			);
			path = Common;
			sourceTree = "<group>";
		};
		ADF433C12BCD7A8400AB3A98 /* Entities */ = {
			isa = PBXGroup;
			children = (
			);
			path = Entities;
			sourceTree = "<group>";
		};
		ADF433C22BCD7A9200AB3A98 /* Repositories */ = {
			isa = PBXGroup;
			children = (
			);
			path = Repositories;
			sourceTree = "<group>";
		};
		ADF433C32BCD7ABB00AB3A98 /* LoginPage */ = {
			isa = PBXGroup;
			children = (
				AD3918BB2BCD67A200E57AF7 /* LoginPageView.swift */,
				ADFF113B2BDFFD8400B88DD4 /* LoginPageViewModel.swift */,
			);
			path = LoginPage;
			sourceTree = "<group>";
		};
		ADF433C42BCD7AC400AB3A98 /* HomePage */ = {
			isa = PBXGroup;
			children = (
				ADF41DE52BE9152F00D3D791 /* HomePageView.swift */,
				ADF41DE72BE9153800D3D791 /* HomePageViewModel.swift */,
			);
			path = HomePage;
			sourceTree = "<group>";
		};
		ADF433C52BCD7ACA00AB3A98 /* RecoverPasswordPage */ = {
			isa = PBXGroup;
			children = (
				ADF41DE92BE91CEF00D3D791 /* RecoverPasswordPageView.swift */,
				ADF41DEB2BE91CF700D3D791 /* RecoverPasswordPageViewModel.swift */,
			);
			path = RecoverPasswordPage;
			sourceTree = "<group>";
		};
		ADF433C62BCD7AE700AB3A98 /* SignUpPage */ = {
			isa = PBXGroup;
			children = (
				ADF41DED2BE932A100D3D791 /* SignUpPageView.swift */,
				ADF41DEF2BE932AA00D3D791 /* SignUpPageViewModel.swift */,
			);
			path = SignUpPage;
			sourceTree = "<group>";
		};
		ADF433C72BCD7AFE00AB3A98 /* ClientsPage */ = {
			isa = PBXGroup;
			children = (
				AD891DE42BF29DF7007F92EF /* ClientPageView.swift */,
				AD891DE62BF29E4E007F92EF /* ClientPageViewModel.swift */,
			);
			path = ClientsPage;
			sourceTree = "<group>";
		};
		ADF433C82BCD7B1200AB3A98 /* RequestsPage */ = {
			isa = PBXGroup;
			children = (
				AD9D5D0B2BFB3F7800D809C6 /* RequestPageView.swift */,
				AD9D5D0D2BFB3F8400D809C6 /* RequestPageViewModel.swift */,
			);
			path = RequestsPage;
			sourceTree = "<group>";
		};
		ADF433C92BCD7B3800AB3A98 /* PartsPage */ = {
			isa = PBXGroup;
			children = (
				AD7F2BFD2BFABEB1000C8A4A /* PartsPageView.swift */,
				AD7F2BFF2BFABEE2000C8A4A /* PartsPageViewModel.swift */,
			);
			path = PartsPage;
			sourceTree = "<group>";
		};
		ADF433CA2BCD7B7A00AB3A98 /* NewEditClientPage */ = {
			isa = PBXGroup;
			children = (
				AD7F2BF92BFA8FB1000C8A4A /* NewEditClientPageView.swift */,
				AD7F2BFB2BFA8FDA000C8A4A /* NewEditClientPageViewModel.swift */,
			);
			path = NewEditClientPage;
			sourceTree = "<group>";
		};
		ADF433CB2BCD7B8100AB3A98 /* NewEditPartPage */ = {
			isa = PBXGroup;
			children = (
				ADBCD15A2C03CDB600E14E31 /* NewEditPartPageView.swift */,
				ADBCD15C2C03CDC600E14E31 /* NewEditPartPageViewModel.swift */,
			);
			path = NewEditPartPage;
			sourceTree = "<group>";
		};
		ADF433CC2BCD7B8900AB3A98 /* NewEditRequestsPage */ = {
			isa = PBXGroup;
			children = (
			);
			path = NewEditRequestsPage;
			sourceTree = "<group>";
		};
		ADF433D02BCD7BDA00AB3A98 /* Common */ = {
			isa = PBXGroup;
			children = (
				ADFF113D2BDFFE2300B88DD4 /* ViewModel */,
			);
			path = Common;
			sourceTree = "<group>";
		};
		ADF433D12BCD7BF800AB3A98 /* AlertNoStock */ = {
			isa = PBXGroup;
			children = (
				AD891DD52BF18E2C007F92EF /* AlertNoStock.swift */,
			);
			path = AlertNoStock;
			sourceTree = "<group>";
		};
		ADF433D22BCD7C1400AB3A98 /* AlertAskStock */ = {
			isa = PBXGroup;
			children = (
				AD891DD72BF18E39007F92EF /* AlertAskStock.swift */,
			);
			path = AlertAskStock;
			sourceTree = "<group>";
		};
		ADFF113D2BDFFE2300B88DD4 /* ViewModel */ = {
			isa = PBXGroup;
			children = (
				ADFF113E2BDFFE3400B88DD4 /* ViewModelProtocol.swift */,
			);
			path = ViewModel;
			sourceTree = "<group>";
		};
		ADFF11442BE020AD00B88DD4 /* TextField */ = {
			isa = PBXGroup;
			children = (
				ADFF11482BE020D800B88DD4 /* CustomTextField.swift */,
				ADFF114C2BE02EFB00B88DD4 /* PasswordTextField.swift */,
				ADFF114A2BE0211B00B88DD4 /* CustomTextFieldViewModel.swift */,
			);
			path = TextField;
			sourceTree = "<group>";
		};
		ADFF11452BE020BD00B88DD4 /* Button */ = {
			isa = PBXGroup;
			children = (
				ADFF11462BE020CC00B88DD4 /* CustomButton.swift */,
				ADFF114E2BE0330900B88DD4 /* BackButton.swift */,
				AD891DDE2BF28766007F92EF /* DeleteButton.swift */,
				AD891DE02BF28791007F92EF /* EditButton.swift */,
			);
			path = Button;
			sourceTree = "<group>";
		};
		ADFF11502BE033FA00B88DD4 /* TypeAlias */ = {
			isa = PBXGroup;
			children = (
				ADFF11512BE0341800B88DD4 /* VoidHandler.swift */,
			);
			path = TypeAlias;
			sourceTree = "<group>";
		};
/* End PBXGroup section */

/* Begin PBXHeadersBuildPhase section */
		ADF433682BCD78CC00AB3A98 /* Headers */ = {
			isa = PBXHeadersBuildPhase;
			buildActionMask = 2147483647;
			files = (
				ADF433702BCD78CC00AB3A98 /* UI.h in Headers */,
			);
			runOnlyForDeploymentPostprocessing = 0;
		};
		ADF433792BCD78E100AB3A98 /* Headers */ = {
			isa = PBXHeadersBuildPhase;
			buildActionMask = 2147483647;
			files = (
				ADF433812BCD78E100AB3A98 /* Common.h in Headers */,
			);
			runOnlyForDeploymentPostprocessing = 0;
		};
		ADF433892BCD78ED00AB3A98 /* Headers */ = {
			isa = PBXHeadersBuildPhase;
			buildActionMask = 2147483647;
			files = (
				ADF433912BCD78EE00AB3A98 /* Domain.h in Headers */,
			);
			runOnlyForDeploymentPostprocessing = 0;
		};
		ADF433992BCD78F800AB3A98 /* Headers */ = {
			isa = PBXHeadersBuildPhase;
			buildActionMask = 2147483647;
			files = (
				ADF433A12BCD78F800AB3A98 /* DataBase.h in Headers */,
			);
			runOnlyForDeploymentPostprocessing = 0;
		};
/* End PBXHeadersBuildPhase section */

/* Begin PBXNativeTarget section */
		AD3918B52BCD67A200E57AF7 /* HelpTech */ = {
			isa = PBXNativeTarget;
			buildConfigurationList = AD3918C92BCD67A400E57AF7 /* Build configuration list for PBXNativeTarget "HelpTech" */;
			buildPhases = (
				AD3918B22BCD67A200E57AF7 /* Sources */,
				AD3918B32BCD67A200E57AF7 /* Frameworks */,
				AD3918B42BCD67A200E57AF7 /* Resources */,
				ADF433782BCD78CC00AB3A98 /* Embed Frameworks */,
			);
			buildRules = (
			);
			dependencies = (
				ADF433722BCD78CC00AB3A98 /* PBXTargetDependency */,
				ADF433832BCD78E100AB3A98 /* PBXTargetDependency */,
				ADF433932BCD78EE00AB3A98 /* PBXTargetDependency */,
				ADF433A32BCD78F800AB3A98 /* PBXTargetDependency */,
			);
			name = HelpTech;
			productName = HelpTech;
			productReference = AD3918B62BCD67A200E57AF7 /* HelpTech.app */;
			productType = "com.apple.product-type.application";
		};
		ADF4336C2BCD78CC00AB3A98 /* UI */ = {
			isa = PBXNativeTarget;
			buildConfigurationList = ADF433752BCD78CC00AB3A98 /* Build configuration list for PBXNativeTarget "UI" */;
			buildPhases = (
				ADF433682BCD78CC00AB3A98 /* Headers */,
				ADF433692BCD78CC00AB3A98 /* Sources */,
				ADF4336A2BCD78CC00AB3A98 /* Frameworks */,
				ADF4336B2BCD78CC00AB3A98 /* Resources */,
			);
			buildRules = (
			);
			dependencies = (
				ADF433AD2BCD792200AB3A98 /* PBXTargetDependency */,
			);
			name = UI;
			productName = UI;
			productReference = ADF4336D2BCD78CC00AB3A98 /* UI.framework */;
			productType = "com.apple.product-type.framework";
		};
		ADF4337D2BCD78E100AB3A98 /* Common */ = {
			isa = PBXNativeTarget;
			buildConfigurationList = ADF433862BCD78E100AB3A98 /* Build configuration list for PBXNativeTarget "Common" */;
			buildPhases = (
				ADF433792BCD78E100AB3A98 /* Headers */,
				ADF4337A2BCD78E100AB3A98 /* Sources */,
				ADF4337B2BCD78E100AB3A98 /* Frameworks */,
				ADF4337C2BCD78E100AB3A98 /* Resources */,
			);
			buildRules = (
			);
			dependencies = (
			);
			name = Common;
			productName = Common;
			productReference = ADF4337E2BCD78E100AB3A98 /* Common.framework */;
			productType = "com.apple.product-type.framework";
		};
		ADF4338D2BCD78ED00AB3A98 /* Domain */ = {
			isa = PBXNativeTarget;
			buildConfigurationList = ADF433962BCD78EE00AB3A98 /* Build configuration list for PBXNativeTarget "Domain" */;
			buildPhases = (
				ADF433892BCD78ED00AB3A98 /* Headers */,
				ADF4338A2BCD78ED00AB3A98 /* Sources */,
				ADF4338B2BCD78ED00AB3A98 /* Frameworks */,
				ADF4338C2BCD78ED00AB3A98 /* Resources */,
			);
			buildRules = (
			);
			dependencies = (
				ADF433B22BCD793E00AB3A98 /* PBXTargetDependency */,
			);
			name = Domain;
			productName = Domain;
			productReference = ADF4338E2BCD78ED00AB3A98 /* Domain.framework */;
			productType = "com.apple.product-type.framework";
		};
		ADF4339D2BCD78F800AB3A98 /* DataBase */ = {
			isa = PBXNativeTarget;
			buildConfigurationList = ADF433A62BCD78F800AB3A98 /* Build configuration list for PBXNativeTarget "DataBase" */;
			buildPhases = (
				ADF433992BCD78F800AB3A98 /* Headers */,
				ADF4339A2BCD78F800AB3A98 /* Sources */,
				ADF4339B2BCD78F800AB3A98 /* Frameworks */,
				ADF4339C2BCD78F800AB3A98 /* Resources */,
			);
			buildRules = (
			);
			dependencies = (
				ADF433B72BCD794B00AB3A98 /* PBXTargetDependency */,
			);
			name = DataBase;
			productName = DataBase;
			productReference = ADF4339E2BCD78F800AB3A98 /* DataBase.framework */;
			productType = "com.apple.product-type.framework";
		};
/* End PBXNativeTarget section */

/* Begin PBXProject section */
		AD3918AE2BCD67A200E57AF7 /* Project object */ = {
			isa = PBXProject;
			attributes = {
				BuildIndependentTargetsInParallel = 1;
				LastSwiftUpdateCheck = 1530;
				LastUpgradeCheck = 1530;
				TargetAttributes = {
					AD3918B52BCD67A200E57AF7 = {
						CreatedOnToolsVersion = 15.3;
					};
					ADF4336C2BCD78CC00AB3A98 = {
						CreatedOnToolsVersion = 15.3;
						LastSwiftMigration = 1530;
					};
					ADF4337D2BCD78E100AB3A98 = {
						CreatedOnToolsVersion = 15.3;
						LastSwiftMigration = 1530;
					};
					ADF4338D2BCD78ED00AB3A98 = {
						CreatedOnToolsVersion = 15.3;
						LastSwiftMigration = 1530;
					};
					ADF4339D2BCD78F800AB3A98 = {
						CreatedOnToolsVersion = 15.3;
					};
				};
			};
			buildConfigurationList = AD3918B12BCD67A200E57AF7 /* Build configuration list for PBXProject "HelpTech" */;
			compatibilityVersion = "Xcode 14.0";
			developmentRegion = en;
			hasScannedForEncodings = 0;
			knownRegions = (
				en,
				Base,
			);
			mainGroup = AD3918AD2BCD67A200E57AF7;
			productRefGroup = AD3918B72BCD67A200E57AF7 /* Products */;
			projectDirPath = "";
			projectRoot = "";
			targets = (
				AD3918B52BCD67A200E57AF7 /* HelpTech */,
				ADF4336C2BCD78CC00AB3A98 /* UI */,
				ADF4337D2BCD78E100AB3A98 /* Common */,
				ADF4338D2BCD78ED00AB3A98 /* Domain */,
				ADF4339D2BCD78F800AB3A98 /* DataBase */,
			);
		};
/* End PBXProject section */

/* Begin PBXResourcesBuildPhase section */
		AD3918B42BCD67A200E57AF7 /* Resources */ = {
			isa = PBXResourcesBuildPhase;
			buildActionMask = 2147483647;
			files = (
				AD3918C12BCD67A400E57AF7 /* Preview Assets.xcassets in Resources */,
				AD3918BE2BCD67A400E57AF7 /* Assets.xcassets in Resources */,
			);
			runOnlyForDeploymentPostprocessing = 0;
		};
		ADF4336B2BCD78CC00AB3A98 /* Resources */ = {
			isa = PBXResourcesBuildPhase;
			buildActionMask = 2147483647;
			files = (
			);
			runOnlyForDeploymentPostprocessing = 0;
		};
		ADF4337C2BCD78E100AB3A98 /* Resources */ = {
			isa = PBXResourcesBuildPhase;
			buildActionMask = 2147483647;
			files = (
			);
			runOnlyForDeploymentPostprocessing = 0;
		};
		ADF4338C2BCD78ED00AB3A98 /* Resources */ = {
			isa = PBXResourcesBuildPhase;
			buildActionMask = 2147483647;
			files = (
			);
			runOnlyForDeploymentPostprocessing = 0;
		};
		ADF4339C2BCD78F800AB3A98 /* Resources */ = {
			isa = PBXResourcesBuildPhase;
			buildActionMask = 2147483647;
			files = (
			);
			runOnlyForDeploymentPostprocessing = 0;
		};
/* End PBXResourcesBuildPhase section */

/* Begin PBXSourcesBuildPhase section */
		AD3918B22BCD67A200E57AF7 /* Sources */ = {
			isa = PBXSourcesBuildPhase;
			buildActionMask = 2147483647;
			files = (
				AD7F2BFC2BFA8FDA000C8A4A /* NewEditClientPageViewModel.swift in Sources */,
				ADF41DEE2BE932A100D3D791 /* SignUpPageView.swift in Sources */,
				ADF41DF02BE932AA00D3D791 /* SignUpPageViewModel.swift in Sources */,
				ADFF113F2BDFFE3400B88DD4 /* ViewModelProtocol.swift in Sources */,
				ADFF113C2BDFFD8400B88DD4 /* LoginPageViewModel.swift in Sources */,
				ADF41DE82BE9153800D3D791 /* HomePageViewModel.swift in Sources */,
				ADBCD15D2C03CDC600E14E31 /* NewEditPartPageViewModel.swift in Sources */,
				AD7F2C002BFABEE2000C8A4A /* PartsPageViewModel.swift in Sources */,
				ADF41DEC2BE91CF700D3D791 /* RecoverPasswordPageViewModel.swift in Sources */,
				AD9D5D0C2BFB3F7800D809C6 /* RequestPageView.swift in Sources */,
				AD3918BC2BCD67A200E57AF7 /* LoginPageView.swift in Sources */,
				AD891DE52BF29DF7007F92EF /* ClientPageView.swift in Sources */,
				AD891DE72BF29E4E007F92EF /* ClientPageViewModel.swift in Sources */,
				AD7F2BFA2BFA8FB1000C8A4A /* NewEditClientPageView.swift in Sources */,
				AD3EA1EE2BFF9C8F0044139B /* PersistenceController.swift in Sources */,
				AD9D5D0E2BFB3F8400D809C6 /* RequestPageViewModel.swift in Sources */,
				ADBCD15B2C03CDB600E14E31 /* NewEditPartPageView.swift in Sources */,
				AD7F2BFE2BFABEB1000C8A4A /* PartsPageView.swift in Sources */,
				AD3918BA2BCD67A200E57AF7 /* HelpTechApp.swift in Sources */,
				ADF41DEA2BE91CEF00D3D791 /* RecoverPasswordPageView.swift in Sources */,
				ADF41DE62BE9152F00D3D791 /* HomePageView.swift in Sources */,
			);
			runOnlyForDeploymentPostprocessing = 0;
		};
		ADF433692BCD78CC00AB3A98 /* Sources */ = {
			isa = PBXSourcesBuildPhase;
			buildActionMask = 2147483647;
			files = (
				AD9D5D112BFB3F9900D809C6 /* RequestView.swift in Sources */,
				ADFF114B2BE0211B00B88DD4 /* CustomTextFieldViewModel.swift in Sources */,
				AD891DDB2BF285A6007F92EF /* ClientView.swift in Sources */,
				AD7F2C0F2BFAD65E000C8A4A /* PartViewModel.swift in Sources */,
				ADFF11492BE020D800B88DD4 /* CustomTextField.swift in Sources */,
				AD891DE12BF28791007F92EF /* EditButton.swift in Sources */,
				AD9D5D132BFB3FA200D809C6 /* RequestViewModel.swift in Sources */,
				AD7F2C112BFAD673000C8A4A /* ClientViewModel.swift in Sources */,
				ADBCD15F2C03E45800E14E31 /* SupplierDropdown.swift in Sources */,
				ADFF114D2BE02EFB00B88DD4 /* PasswordTextField.swift in Sources */,
				AD7F2C092BFAD629000C8A4A /* PartView.swift in Sources */,
				ADBCD1612C03E4E300E14E31 /* SupplierDropdownViewModel.swift in Sources */,
				ADFF11472BE020CC00B88DD4 /* CustomButton.swift in Sources */,
				AD891DDF2BF28766007F92EF /* DeleteButton.swift in Sources */,
				AD891DD62BF18E2C007F92EF /* AlertNoStock.swift in Sources */,
				AD891DD82BF18E39007F92EF /* AlertAskStock.swift in Sources */,
				ADFF114F2BE0330900B88DD4 /* BackButton.swift in Sources */,
			);
			runOnlyForDeploymentPostprocessing = 0;
		};
		ADF4337A2BCD78E100AB3A98 /* Sources */ = {
			isa = PBXSourcesBuildPhase;
			buildActionMask = 2147483647;
			files = (
				AD9D5D1E2BFB456D00D809C6 /* EquipmentType.swift in Sources */,
				AD9D5D222BFB458F00D809C6 /* RequestStatus.swift in Sources */,
				ADFF11522BE0341800B88DD4 /* VoidHandler.swift in Sources */,
			);
			runOnlyForDeploymentPostprocessing = 0;
		};
		ADF4338A2BCD78ED00AB3A98 /* Sources */ = {
			isa = PBXSourcesBuildPhase;
			buildActionMask = 2147483647;
			files = (
				AD7F2C022BFABFCF000C8A4A /* Part.swift in Sources */,
				AD7F2C062BFAC1CB000C8A4A /* Supplier.swift in Sources */,
				AD9D5D2C2BFBACDB00D809C6 /* PartMocks.swift in Sources */,
				AD9D5D302BFBAE4E00D809C6 /* RequestMocks.swift in Sources */,
				AD9D5D2A2BFBACB200D809C6 /* ClientMocks.swift in Sources */,
				AD7F2C042BFABFDE000C8A4A /* Request.swift in Sources */,
				AD9D5D172BFB409900D809C6 /* User.swift in Sources */,
				AD891DE92BF2AA58007F92EF /* Client.swift in Sources */,
				AD9D5D322BFBAE9A00D809C6 /* UserMocks.swift in Sources */,
				AD9D5D2E2BFBADC600D809C6 /* SupplierMocks.swift in Sources */,
			);
			runOnlyForDeploymentPostprocessing = 0;
		};
		ADF4339A2BCD78F800AB3A98 /* Sources */ = {
			isa = PBXSourcesBuildPhase;
			buildActionMask = 2147483647;
			files = (
				ADF433BB2BCD7A0B00AB3A98 /* HelpTechApp.xcdatamodeld in Sources */,
			);
			runOnlyForDeploymentPostprocessing = 0;
		};
/* End PBXSourcesBuildPhase section */

/* Begin PBXTargetDependency section */
		ADF433722BCD78CC00AB3A98 /* PBXTargetDependency */ = {
			isa = PBXTargetDependency;
			target = ADF4336C2BCD78CC00AB3A98 /* UI */;
			targetProxy = ADF433712BCD78CC00AB3A98 /* PBXContainerItemProxy */;
		};
		ADF433832BCD78E100AB3A98 /* PBXTargetDependency */ = {
			isa = PBXTargetDependency;
			target = ADF4337D2BCD78E100AB3A98 /* Common */;
			targetProxy = ADF433822BCD78E100AB3A98 /* PBXContainerItemProxy */;
		};
		ADF433932BCD78EE00AB3A98 /* PBXTargetDependency */ = {
			isa = PBXTargetDependency;
			target = ADF4338D2BCD78ED00AB3A98 /* Domain */;
			targetProxy = ADF433922BCD78EE00AB3A98 /* PBXContainerItemProxy */;
		};
		ADF433A32BCD78F800AB3A98 /* PBXTargetDependency */ = {
			isa = PBXTargetDependency;
			target = ADF4339D2BCD78F800AB3A98 /* DataBase */;
			targetProxy = ADF433A22BCD78F800AB3A98 /* PBXContainerItemProxy */;
		};
		ADF433AD2BCD792200AB3A98 /* PBXTargetDependency */ = {
			isa = PBXTargetDependency;
			target = ADF4337D2BCD78E100AB3A98 /* Common */;
			targetProxy = ADF433AC2BCD792200AB3A98 /* PBXContainerItemProxy */;
		};
		ADF433B22BCD793E00AB3A98 /* PBXTargetDependency */ = {
			isa = PBXTargetDependency;
			target = ADF4339D2BCD78F800AB3A98 /* DataBase */;
			targetProxy = ADF433B12BCD793E00AB3A98 /* PBXContainerItemProxy */;
		};
		ADF433B72BCD794B00AB3A98 /* PBXTargetDependency */ = {
			isa = PBXTargetDependency;
			target = ADF4337D2BCD78E100AB3A98 /* Common */;
			targetProxy = ADF433B62BCD794B00AB3A98 /* PBXContainerItemProxy */;
		};
/* End PBXTargetDependency section */

/* Begin XCBuildConfiguration section */
		AD3918C72BCD67A400E57AF7 /* Debug */ = {
			isa = XCBuildConfiguration;
			buildSettings = {
				ALWAYS_SEARCH_USER_PATHS = NO;
				ASSETCATALOG_COMPILER_GENERATE_SWIFT_ASSET_SYMBOL_EXTENSIONS = YES;
				CLANG_ANALYZER_NONNULL = YES;
				CLANG_ANALYZER_NUMBER_OBJECT_CONVERSION = YES_AGGRESSIVE;
				CLANG_CXX_LANGUAGE_STANDARD = "gnu++20";
				CLANG_ENABLE_MODULES = YES;
				CLANG_ENABLE_OBJC_ARC = YES;
				CLANG_ENABLE_OBJC_WEAK = YES;
				CLANG_WARN_BLOCK_CAPTURE_AUTORELEASING = YES;
				CLANG_WARN_BOOL_CONVERSION = YES;
				CLANG_WARN_COMMA = YES;
				CLANG_WARN_CONSTANT_CONVERSION = YES;
				CLANG_WARN_DEPRECATED_OBJC_IMPLEMENTATIONS = YES;
				CLANG_WARN_DIRECT_OBJC_ISA_USAGE = YES_ERROR;
				CLANG_WARN_DOCUMENTATION_COMMENTS = YES;
				CLANG_WARN_EMPTY_BODY = YES;
				CLANG_WARN_ENUM_CONVERSION = YES;
				CLANG_WARN_INFINITE_RECURSION = YES;
				CLANG_WARN_INT_CONVERSION = YES;
				CLANG_WARN_NON_LITERAL_NULL_CONVERSION = YES;
				CLANG_WARN_OBJC_IMPLICIT_RETAIN_SELF = YES;
				CLANG_WARN_OBJC_LITERAL_CONVERSION = YES;
				CLANG_WARN_OBJC_ROOT_CLASS = YES_ERROR;
				CLANG_WARN_QUOTED_INCLUDE_IN_FRAMEWORK_HEADER = YES;
				CLANG_WARN_RANGE_LOOP_ANALYSIS = YES;
				CLANG_WARN_STRICT_PROTOTYPES = YES;
				CLANG_WARN_SUSPICIOUS_MOVE = YES;
				CLANG_WARN_UNGUARDED_AVAILABILITY = YES_AGGRESSIVE;
				CLANG_WARN_UNREACHABLE_CODE = YES;
				CLANG_WARN__DUPLICATE_METHOD_MATCH = YES;
				COPY_PHASE_STRIP = NO;
				DEBUG_INFORMATION_FORMAT = dwarf;
				ENABLE_STRICT_OBJC_MSGSEND = YES;
				ENABLE_TESTABILITY = YES;
				ENABLE_USER_SCRIPT_SANDBOXING = YES;
				GCC_C_LANGUAGE_STANDARD = gnu17;
				GCC_DYNAMIC_NO_PIC = NO;
				GCC_NO_COMMON_BLOCKS = YES;
				GCC_OPTIMIZATION_LEVEL = 0;
				GCC_PREPROCESSOR_DEFINITIONS = (
					"DEBUG=1",
					"$(inherited)",
				);
				GCC_WARN_64_TO_32_BIT_CONVERSION = YES;
				GCC_WARN_ABOUT_RETURN_TYPE = YES_ERROR;
				GCC_WARN_UNDECLARED_SELECTOR = YES;
				GCC_WARN_UNINITIALIZED_AUTOS = YES_AGGRESSIVE;
				GCC_WARN_UNUSED_FUNCTION = YES;
				GCC_WARN_UNUSED_VARIABLE = YES;
				IPHONEOS_DEPLOYMENT_TARGET = 17.4;
				LOCALIZATION_PREFERS_STRING_CATALOGS = YES;
				MTL_ENABLE_DEBUG_INFO = INCLUDE_SOURCE;
				MTL_FAST_MATH = YES;
				ONLY_ACTIVE_ARCH = YES;
				SDKROOT = iphoneos;
				SWIFT_ACTIVE_COMPILATION_CONDITIONS = "DEBUG $(inherited)";
				SWIFT_OPTIMIZATION_LEVEL = "-Onone";
			};
			name = Debug;
		};
		AD3918C82BCD67A400E57AF7 /* Release */ = {
			isa = XCBuildConfiguration;
			buildSettings = {
				ALWAYS_SEARCH_USER_PATHS = NO;
				ASSETCATALOG_COMPILER_GENERATE_SWIFT_ASSET_SYMBOL_EXTENSIONS = YES;
				CLANG_ANALYZER_NONNULL = YES;
				CLANG_ANALYZER_NUMBER_OBJECT_CONVERSION = YES_AGGRESSIVE;
				CLANG_CXX_LANGUAGE_STANDARD = "gnu++20";
				CLANG_ENABLE_MODULES = YES;
				CLANG_ENABLE_OBJC_ARC = YES;
				CLANG_ENABLE_OBJC_WEAK = YES;
				CLANG_WARN_BLOCK_CAPTURE_AUTORELEASING = YES;
				CLANG_WARN_BOOL_CONVERSION = YES;
				CLANG_WARN_COMMA = YES;
				CLANG_WARN_CONSTANT_CONVERSION = YES;
				CLANG_WARN_DEPRECATED_OBJC_IMPLEMENTATIONS = YES;
				CLANG_WARN_DIRECT_OBJC_ISA_USAGE = YES_ERROR;
				CLANG_WARN_DOCUMENTATION_COMMENTS = YES;
				CLANG_WARN_EMPTY_BODY = YES;
				CLANG_WARN_ENUM_CONVERSION = YES;
				CLANG_WARN_INFINITE_RECURSION = YES;
				CLANG_WARN_INT_CONVERSION = YES;
				CLANG_WARN_NON_LITERAL_NULL_CONVERSION = YES;
				CLANG_WARN_OBJC_IMPLICIT_RETAIN_SELF = YES;
				CLANG_WARN_OBJC_LITERAL_CONVERSION = YES;
				CLANG_WARN_OBJC_ROOT_CLASS = YES_ERROR;
				CLANG_WARN_QUOTED_INCLUDE_IN_FRAMEWORK_HEADER = YES;
				CLANG_WARN_RANGE_LOOP_ANALYSIS = YES;
				CLANG_WARN_STRICT_PROTOTYPES = YES;
				CLANG_WARN_SUSPICIOUS_MOVE = YES;
				CLANG_WARN_UNGUARDED_AVAILABILITY = YES_AGGRESSIVE;
				CLANG_WARN_UNREACHABLE_CODE = YES;
				CLANG_WARN__DUPLICATE_METHOD_MATCH = YES;
				COPY_PHASE_STRIP = NO;
				DEBUG_INFORMATION_FORMAT = "dwarf-with-dsym";
				ENABLE_NS_ASSERTIONS = NO;
				ENABLE_STRICT_OBJC_MSGSEND = YES;
				ENABLE_USER_SCRIPT_SANDBOXING = YES;
				GCC_C_LANGUAGE_STANDARD = gnu17;
				GCC_NO_COMMON_BLOCKS = YES;
				GCC_WARN_64_TO_32_BIT_CONVERSION = YES;
				GCC_WARN_ABOUT_RETURN_TYPE = YES_ERROR;
				GCC_WARN_UNDECLARED_SELECTOR = YES;
				GCC_WARN_UNINITIALIZED_AUTOS = YES_AGGRESSIVE;
				GCC_WARN_UNUSED_FUNCTION = YES;
				GCC_WARN_UNUSED_VARIABLE = YES;
				IPHONEOS_DEPLOYMENT_TARGET = 17.4;
				LOCALIZATION_PREFERS_STRING_CATALOGS = YES;
				MTL_ENABLE_DEBUG_INFO = NO;
				MTL_FAST_MATH = YES;
				SDKROOT = iphoneos;
				SWIFT_COMPILATION_MODE = wholemodule;
				VALIDATE_PRODUCT = YES;
			};
			name = Release;
		};
		AD3918CA2BCD67A400E57AF7 /* Debug */ = {
			isa = XCBuildConfiguration;
			buildSettings = {
				ALWAYS_EMBED_SWIFT_STANDARD_LIBRARIES = YES;
				ASSETCATALOG_COMPILER_APPICON_NAME = AppIcon;
				ASSETCATALOG_COMPILER_GLOBAL_ACCENT_COLOR_NAME = AccentColor;
				CODE_SIGN_STYLE = Automatic;
				CURRENT_PROJECT_VERSION = 1;
				DEVELOPMENT_ASSET_PATHS = "\"HelpTech/Preview Content\"";
				DEVELOPMENT_TEAM = YWG696BV57;
				ENABLE_PREVIEWS = YES;
				GENERATE_INFOPLIST_FILE = YES;
				INFOPLIST_KEY_UIApplicationSceneManifest_Generation = YES;
				INFOPLIST_KEY_UIApplicationSupportsIndirectInputEvents = YES;
				INFOPLIST_KEY_UILaunchScreen_Generation = YES;
				INFOPLIST_KEY_UISupportedInterfaceOrientations_iPad = "UIInterfaceOrientationPortrait UIInterfaceOrientationPortraitUpsideDown UIInterfaceOrientationLandscapeLeft UIInterfaceOrientationLandscapeRight";
				INFOPLIST_KEY_UISupportedInterfaceOrientations_iPhone = "UIInterfaceOrientationPortrait UIInterfaceOrientationLandscapeLeft UIInterfaceOrientationLandscapeRight";
				LD_RUNPATH_SEARCH_PATHS = (
					"$(inherited)",
					"@executable_path/Frameworks",
				);
				MARKETING_VERSION = 1.0;
				PRODUCT_BUNDLE_IDENTIFIER = com.HelpTech;
				PRODUCT_NAME = "$(TARGET_NAME)";
				SUPPORTED_PLATFORMS = "iphoneos iphonesimulator";
				SUPPORTS_MACCATALYST = NO;
				SUPPORTS_MAC_DESIGNED_FOR_IPHONE_IPAD = NO;
				SUPPORTS_XR_DESIGNED_FOR_IPHONE_IPAD = NO;
				SWIFT_EMIT_LOC_STRINGS = YES;
				SWIFT_VERSION = 5.0;
				TARGETED_DEVICE_FAMILY = "1,2";
			};
			name = Debug;
		};
		AD3918CB2BCD67A400E57AF7 /* Release */ = {
			isa = XCBuildConfiguration;
			buildSettings = {
				ALWAYS_EMBED_SWIFT_STANDARD_LIBRARIES = YES;
				ASSETCATALOG_COMPILER_APPICON_NAME = AppIcon;
				ASSETCATALOG_COMPILER_GLOBAL_ACCENT_COLOR_NAME = AccentColor;
				CODE_SIGN_STYLE = Automatic;
				CURRENT_PROJECT_VERSION = 1;
				DEVELOPMENT_ASSET_PATHS = "\"HelpTech/Preview Content\"";
				DEVELOPMENT_TEAM = YWG696BV57;
				ENABLE_PREVIEWS = YES;
				GENERATE_INFOPLIST_FILE = YES;
				INFOPLIST_KEY_UIApplicationSceneManifest_Generation = YES;
				INFOPLIST_KEY_UIApplicationSupportsIndirectInputEvents = YES;
				INFOPLIST_KEY_UILaunchScreen_Generation = YES;
				INFOPLIST_KEY_UISupportedInterfaceOrientations_iPad = "UIInterfaceOrientationPortrait UIInterfaceOrientationPortraitUpsideDown UIInterfaceOrientationLandscapeLeft UIInterfaceOrientationLandscapeRight";
				INFOPLIST_KEY_UISupportedInterfaceOrientations_iPhone = "UIInterfaceOrientationPortrait UIInterfaceOrientationLandscapeLeft UIInterfaceOrientationLandscapeRight";
				LD_RUNPATH_SEARCH_PATHS = (
					"$(inherited)",
					"@executable_path/Frameworks",
				);
				MARKETING_VERSION = 1.0;
				PRODUCT_BUNDLE_IDENTIFIER = com.HelpTech;
				PRODUCT_NAME = "$(TARGET_NAME)";
				SUPPORTED_PLATFORMS = "iphoneos iphonesimulator";
				SUPPORTS_MACCATALYST = NO;
				SUPPORTS_MAC_DESIGNED_FOR_IPHONE_IPAD = NO;
				SUPPORTS_XR_DESIGNED_FOR_IPHONE_IPAD = NO;
				SWIFT_EMIT_LOC_STRINGS = YES;
				SWIFT_VERSION = 5.0;
				TARGETED_DEVICE_FAMILY = "1,2";
			};
			name = Release;
		};
		ADF433762BCD78CC00AB3A98 /* Debug */ = {
			isa = XCBuildConfiguration;
			buildSettings = {
				BUILD_LIBRARY_FOR_DISTRIBUTION = YES;
				CLANG_ENABLE_MODULES = YES;
				CODE_SIGN_STYLE = Automatic;
				CURRENT_PROJECT_VERSION = 1;
				DEFINES_MODULE = YES;
				DEVELOPMENT_TEAM = YWG696BV57;
				DYLIB_COMPATIBILITY_VERSION = 1;
				DYLIB_CURRENT_VERSION = 1;
				DYLIB_INSTALL_NAME_BASE = "@rpath";
				ENABLE_MODULE_VERIFIER = YES;
				GENERATE_INFOPLIST_FILE = YES;
				INFOPLIST_KEY_NSHumanReadableCopyright = "";
				INSTALL_PATH = "$(LOCAL_LIBRARY_DIR)/Frameworks";
				LD_RUNPATH_SEARCH_PATHS = (
					"$(inherited)",
					"@executable_path/Frameworks",
					"@loader_path/Frameworks",
				);
				MARKETING_VERSION = 1.0;
				MODULE_VERIFIER_SUPPORTED_LANGUAGES = "objective-c objective-c++";
				MODULE_VERIFIER_SUPPORTED_LANGUAGE_STANDARDS = "gnu17 gnu++20";
				PRODUCT_BUNDLE_IDENTIFIER = com.UI;
				PRODUCT_NAME = "$(TARGET_NAME:c99extidentifier)";
				SKIP_INSTALL = YES;
				SUPPORTED_PLATFORMS = "iphoneos iphonesimulator";
				SUPPORTS_MACCATALYST = NO;
				SUPPORTS_MAC_DESIGNED_FOR_IPHONE_IPAD = NO;
				SUPPORTS_XR_DESIGNED_FOR_IPHONE_IPAD = NO;
				SWIFT_EMIT_LOC_STRINGS = YES;
				SWIFT_INSTALL_OBJC_HEADER = NO;
				SWIFT_OPTIMIZATION_LEVEL = "-Onone";
				SWIFT_VERSION = 5.0;
				TARGETED_DEVICE_FAMILY = "1,2";
				VERSIONING_SYSTEM = "apple-generic";
				VERSION_INFO_PREFIX = "";
			};
			name = Debug;
		};
		ADF433772BCD78CC00AB3A98 /* Release */ = {
			isa = XCBuildConfiguration;
			buildSettings = {
				BUILD_LIBRARY_FOR_DISTRIBUTION = YES;
				CLANG_ENABLE_MODULES = YES;
				CODE_SIGN_STYLE = Automatic;
				CURRENT_PROJECT_VERSION = 1;
				DEFINES_MODULE = YES;
				DEVELOPMENT_TEAM = YWG696BV57;
				DYLIB_COMPATIBILITY_VERSION = 1;
				DYLIB_CURRENT_VERSION = 1;
				DYLIB_INSTALL_NAME_BASE = "@rpath";
				ENABLE_MODULE_VERIFIER = YES;
				GENERATE_INFOPLIST_FILE = YES;
				INFOPLIST_KEY_NSHumanReadableCopyright = "";
				INSTALL_PATH = "$(LOCAL_LIBRARY_DIR)/Frameworks";
				LD_RUNPATH_SEARCH_PATHS = (
					"$(inherited)",
					"@executable_path/Frameworks",
					"@loader_path/Frameworks",
				);
				MARKETING_VERSION = 1.0;
				MODULE_VERIFIER_SUPPORTED_LANGUAGES = "objective-c objective-c++";
				MODULE_VERIFIER_SUPPORTED_LANGUAGE_STANDARDS = "gnu17 gnu++20";
				PRODUCT_BUNDLE_IDENTIFIER = com.UI;
				PRODUCT_NAME = "$(TARGET_NAME:c99extidentifier)";
				SKIP_INSTALL = YES;
				SUPPORTED_PLATFORMS = "iphoneos iphonesimulator";
				SUPPORTS_MACCATALYST = NO;
				SUPPORTS_MAC_DESIGNED_FOR_IPHONE_IPAD = NO;
				SUPPORTS_XR_DESIGNED_FOR_IPHONE_IPAD = NO;
				SWIFT_EMIT_LOC_STRINGS = YES;
				SWIFT_INSTALL_OBJC_HEADER = NO;
				SWIFT_VERSION = 5.0;
				TARGETED_DEVICE_FAMILY = "1,2";
				VERSIONING_SYSTEM = "apple-generic";
				VERSION_INFO_PREFIX = "";
			};
			name = Release;
		};
		ADF433872BCD78E100AB3A98 /* Debug */ = {
			isa = XCBuildConfiguration;
			buildSettings = {
				BUILD_LIBRARY_FOR_DISTRIBUTION = YES;
				CLANG_ENABLE_MODULES = YES;
				CODE_SIGN_STYLE = Automatic;
				CURRENT_PROJECT_VERSION = 1;
				DEFINES_MODULE = YES;
				DEVELOPMENT_TEAM = YWG696BV57;
				DYLIB_COMPATIBILITY_VERSION = 1;
				DYLIB_CURRENT_VERSION = 1;
				DYLIB_INSTALL_NAME_BASE = "@rpath";
				ENABLE_MODULE_VERIFIER = YES;
				GENERATE_INFOPLIST_FILE = YES;
				INFOPLIST_KEY_NSHumanReadableCopyright = "";
				INSTALL_PATH = "$(LOCAL_LIBRARY_DIR)/Frameworks";
				LD_RUNPATH_SEARCH_PATHS = (
					"$(inherited)",
					"@executable_path/Frameworks",
					"@loader_path/Frameworks",
				);
				MARKETING_VERSION = 1.0;
				MODULE_VERIFIER_SUPPORTED_LANGUAGES = "objective-c objective-c++";
				MODULE_VERIFIER_SUPPORTED_LANGUAGE_STANDARDS = "gnu17 gnu++20";
				PRODUCT_BUNDLE_IDENTIFIER = com.Common;
				PRODUCT_NAME = "$(TARGET_NAME:c99extidentifier)";
				SKIP_INSTALL = YES;
				SUPPORTED_PLATFORMS = "iphoneos iphonesimulator";
				SUPPORTS_MACCATALYST = NO;
				SUPPORTS_MAC_DESIGNED_FOR_IPHONE_IPAD = NO;
				SUPPORTS_XR_DESIGNED_FOR_IPHONE_IPAD = NO;
				SWIFT_EMIT_LOC_STRINGS = YES;
				SWIFT_INSTALL_OBJC_HEADER = NO;
				SWIFT_OPTIMIZATION_LEVEL = "-Onone";
				SWIFT_VERSION = 5.0;
				TARGETED_DEVICE_FAMILY = "1,2";
				VERSIONING_SYSTEM = "apple-generic";
				VERSION_INFO_PREFIX = "";
			};
			name = Debug;
		};
		ADF433882BCD78E100AB3A98 /* Release */ = {
			isa = XCBuildConfiguration;
			buildSettings = {
				BUILD_LIBRARY_FOR_DISTRIBUTION = YES;
				CLANG_ENABLE_MODULES = YES;
				CODE_SIGN_STYLE = Automatic;
				CURRENT_PROJECT_VERSION = 1;
				DEFINES_MODULE = YES;
				DEVELOPMENT_TEAM = YWG696BV57;
				DYLIB_COMPATIBILITY_VERSION = 1;
				DYLIB_CURRENT_VERSION = 1;
				DYLIB_INSTALL_NAME_BASE = "@rpath";
				ENABLE_MODULE_VERIFIER = YES;
				GENERATE_INFOPLIST_FILE = YES;
				INFOPLIST_KEY_NSHumanReadableCopyright = "";
				INSTALL_PATH = "$(LOCAL_LIBRARY_DIR)/Frameworks";
				LD_RUNPATH_SEARCH_PATHS = (
					"$(inherited)",
					"@executable_path/Frameworks",
					"@loader_path/Frameworks",
				);
				MARKETING_VERSION = 1.0;
				MODULE_VERIFIER_SUPPORTED_LANGUAGES = "objective-c objective-c++";
				MODULE_VERIFIER_SUPPORTED_LANGUAGE_STANDARDS = "gnu17 gnu++20";
				PRODUCT_BUNDLE_IDENTIFIER = com.Common;
				PRODUCT_NAME = "$(TARGET_NAME:c99extidentifier)";
				SKIP_INSTALL = YES;
				SUPPORTED_PLATFORMS = "iphoneos iphonesimulator";
				SUPPORTS_MACCATALYST = NO;
				SUPPORTS_MAC_DESIGNED_FOR_IPHONE_IPAD = NO;
				SUPPORTS_XR_DESIGNED_FOR_IPHONE_IPAD = NO;
				SWIFT_EMIT_LOC_STRINGS = YES;
				SWIFT_INSTALL_OBJC_HEADER = NO;
				SWIFT_VERSION = 5.0;
				TARGETED_DEVICE_FAMILY = "1,2";
				VERSIONING_SYSTEM = "apple-generic";
				VERSION_INFO_PREFIX = "";
			};
			name = Release;
		};
		ADF433972BCD78EE00AB3A98 /* Debug */ = {
			isa = XCBuildConfiguration;
			buildSettings = {
				BUILD_LIBRARY_FOR_DISTRIBUTION = YES;
				CLANG_ENABLE_MODULES = YES;
				CODE_SIGN_STYLE = Automatic;
				CURRENT_PROJECT_VERSION = 1;
				DEFINES_MODULE = YES;
				DEVELOPMENT_TEAM = YWG696BV57;
				DYLIB_COMPATIBILITY_VERSION = 1;
				DYLIB_CURRENT_VERSION = 1;
				DYLIB_INSTALL_NAME_BASE = "@rpath";
				ENABLE_MODULE_VERIFIER = YES;
				GENERATE_INFOPLIST_FILE = YES;
				INFOPLIST_KEY_NSHumanReadableCopyright = "";
				INSTALL_PATH = "$(LOCAL_LIBRARY_DIR)/Frameworks";
				LD_RUNPATH_SEARCH_PATHS = (
					"$(inherited)",
					"@executable_path/Frameworks",
					"@loader_path/Frameworks",
				);
				MARKETING_VERSION = 1.0;
				MODULE_VERIFIER_SUPPORTED_LANGUAGES = "objective-c objective-c++";
				MODULE_VERIFIER_SUPPORTED_LANGUAGE_STANDARDS = "gnu17 gnu++20";
				PRODUCT_BUNDLE_IDENTIFIER = com.Domain;
				PRODUCT_NAME = "$(TARGET_NAME:c99extidentifier)";
				SKIP_INSTALL = YES;
				SUPPORTED_PLATFORMS = "iphoneos iphonesimulator";
				SUPPORTS_MACCATALYST = NO;
				SUPPORTS_MAC_DESIGNED_FOR_IPHONE_IPAD = NO;
				SUPPORTS_XR_DESIGNED_FOR_IPHONE_IPAD = NO;
				SWIFT_EMIT_LOC_STRINGS = YES;
				SWIFT_INSTALL_OBJC_HEADER = NO;
				SWIFT_OPTIMIZATION_LEVEL = "-Onone";
				SWIFT_VERSION = 5.0;
				TARGETED_DEVICE_FAMILY = "1,2";
				VERSIONING_SYSTEM = "apple-generic";
				VERSION_INFO_PREFIX = "";
			};
			name = Debug;
		};
		ADF433982BCD78EE00AB3A98 /* Release */ = {
			isa = XCBuildConfiguration;
			buildSettings = {
				BUILD_LIBRARY_FOR_DISTRIBUTION = YES;
				CLANG_ENABLE_MODULES = YES;
				CODE_SIGN_STYLE = Automatic;
				CURRENT_PROJECT_VERSION = 1;
				DEFINES_MODULE = YES;
				DEVELOPMENT_TEAM = YWG696BV57;
				DYLIB_COMPATIBILITY_VERSION = 1;
				DYLIB_CURRENT_VERSION = 1;
				DYLIB_INSTALL_NAME_BASE = "@rpath";
				ENABLE_MODULE_VERIFIER = YES;
				GENERATE_INFOPLIST_FILE = YES;
				INFOPLIST_KEY_NSHumanReadableCopyright = "";
				INSTALL_PATH = "$(LOCAL_LIBRARY_DIR)/Frameworks";
				LD_RUNPATH_SEARCH_PATHS = (
					"$(inherited)",
					"@executable_path/Frameworks",
					"@loader_path/Frameworks",
				);
				MARKETING_VERSION = 1.0;
				MODULE_VERIFIER_SUPPORTED_LANGUAGES = "objective-c objective-c++";
				MODULE_VERIFIER_SUPPORTED_LANGUAGE_STANDARDS = "gnu17 gnu++20";
				PRODUCT_BUNDLE_IDENTIFIER = com.Domain;
				PRODUCT_NAME = "$(TARGET_NAME:c99extidentifier)";
				SKIP_INSTALL = YES;
				SUPPORTED_PLATFORMS = "iphoneos iphonesimulator";
				SUPPORTS_MACCATALYST = NO;
				SUPPORTS_MAC_DESIGNED_FOR_IPHONE_IPAD = NO;
				SUPPORTS_XR_DESIGNED_FOR_IPHONE_IPAD = NO;
				SWIFT_EMIT_LOC_STRINGS = YES;
				SWIFT_INSTALL_OBJC_HEADER = NO;
				SWIFT_VERSION = 5.0;
				TARGETED_DEVICE_FAMILY = "1,2";
				VERSIONING_SYSTEM = "apple-generic";
				VERSION_INFO_PREFIX = "";
			};
			name = Release;
		};
		ADF433A72BCD78F800AB3A98 /* Debug */ = {
			isa = XCBuildConfiguration;
			buildSettings = {
				BUILD_LIBRARY_FOR_DISTRIBUTION = YES;
				CODE_SIGN_STYLE = Automatic;
				CURRENT_PROJECT_VERSION = 1;
				DEFINES_MODULE = YES;
				DEVELOPMENT_TEAM = YWG696BV57;
				DYLIB_COMPATIBILITY_VERSION = 1;
				DYLIB_CURRENT_VERSION = 1;
				DYLIB_INSTALL_NAME_BASE = "@rpath";
				ENABLE_MODULE_VERIFIER = YES;
				GENERATE_INFOPLIST_FILE = YES;
				INFOPLIST_KEY_NSHumanReadableCopyright = "";
				INSTALL_PATH = "$(LOCAL_LIBRARY_DIR)/Frameworks";
				LD_RUNPATH_SEARCH_PATHS = (
					"$(inherited)",
					"@executable_path/Frameworks",
					"@loader_path/Frameworks",
				);
				MARKETING_VERSION = 1.0;
				MODULE_VERIFIER_SUPPORTED_LANGUAGES = "objective-c objective-c++";
				MODULE_VERIFIER_SUPPORTED_LANGUAGE_STANDARDS = "gnu17 gnu++20";
				PRODUCT_BUNDLE_IDENTIFIER = com.DataBase;
				PRODUCT_NAME = "$(TARGET_NAME:c99extidentifier)";
				SKIP_INSTALL = YES;
				SUPPORTED_PLATFORMS = "iphoneos iphonesimulator";
				SUPPORTS_MACCATALYST = NO;
				SUPPORTS_MAC_DESIGNED_FOR_IPHONE_IPAD = NO;
				SUPPORTS_XR_DESIGNED_FOR_IPHONE_IPAD = NO;
				SWIFT_EMIT_LOC_STRINGS = YES;
				SWIFT_INSTALL_OBJC_HEADER = NO;
				SWIFT_VERSION = 5.0;
				TARGETED_DEVICE_FAMILY = "1,2";
				VERSIONING_SYSTEM = "apple-generic";
				VERSION_INFO_PREFIX = "";
			};
			name = Debug;
		};
		ADF433A82BCD78F800AB3A98 /* Release */ = {
			isa = XCBuildConfiguration;
			buildSettings = {
				BUILD_LIBRARY_FOR_DISTRIBUTION = YES;
				CODE_SIGN_STYLE = Automatic;
				CURRENT_PROJECT_VERSION = 1;
				DEFINES_MODULE = YES;
				DEVELOPMENT_TEAM = YWG696BV57;
				DYLIB_COMPATIBILITY_VERSION = 1;
				DYLIB_CURRENT_VERSION = 1;
				DYLIB_INSTALL_NAME_BASE = "@rpath";
				ENABLE_MODULE_VERIFIER = YES;
				GENERATE_INFOPLIST_FILE = YES;
				INFOPLIST_KEY_NSHumanReadableCopyright = "";
				INSTALL_PATH = "$(LOCAL_LIBRARY_DIR)/Frameworks";
				LD_RUNPATH_SEARCH_PATHS = (
					"$(inherited)",
					"@executable_path/Frameworks",
					"@loader_path/Frameworks",
				);
				MARKETING_VERSION = 1.0;
				MODULE_VERIFIER_SUPPORTED_LANGUAGES = "objective-c objective-c++";
				MODULE_VERIFIER_SUPPORTED_LANGUAGE_STANDARDS = "gnu17 gnu++20";
				PRODUCT_BUNDLE_IDENTIFIER = com.DataBase;
				PRODUCT_NAME = "$(TARGET_NAME:c99extidentifier)";
				SKIP_INSTALL = YES;
				SUPPORTED_PLATFORMS = "iphoneos iphonesimulator";
				SUPPORTS_MACCATALYST = NO;
				SUPPORTS_MAC_DESIGNED_FOR_IPHONE_IPAD = NO;
				SUPPORTS_XR_DESIGNED_FOR_IPHONE_IPAD = NO;
				SWIFT_EMIT_LOC_STRINGS = YES;
				SWIFT_INSTALL_OBJC_HEADER = NO;
				SWIFT_VERSION = 5.0;
				TARGETED_DEVICE_FAMILY = "1,2";
				VERSIONING_SYSTEM = "apple-generic";
				VERSION_INFO_PREFIX = "";
			};
			name = Release;
		};
/* End XCBuildConfiguration section */

/* Begin XCConfigurationList section */
		AD3918B12BCD67A200E57AF7 /* Build configuration list for PBXProject "HelpTech" */ = {
			isa = XCConfigurationList;
			buildConfigurations = (
				AD3918C72BCD67A400E57AF7 /* Debug */,
				AD3918C82BCD67A400E57AF7 /* Release */,
			);
			defaultConfigurationIsVisible = 0;
			defaultConfigurationName = Release;
		};
		AD3918C92BCD67A400E57AF7 /* Build configuration list for PBXNativeTarget "HelpTech" */ = {
			isa = XCConfigurationList;
			buildConfigurations = (
				AD3918CA2BCD67A400E57AF7 /* Debug */,
				AD3918CB2BCD67A400E57AF7 /* Release */,
			);
			defaultConfigurationIsVisible = 0;
			defaultConfigurationName = Release;
		};
		ADF433752BCD78CC00AB3A98 /* Build configuration list for PBXNativeTarget "UI" */ = {
			isa = XCConfigurationList;
			buildConfigurations = (
				ADF433762BCD78CC00AB3A98 /* Debug */,
				ADF433772BCD78CC00AB3A98 /* Release */,
			);
			defaultConfigurationIsVisible = 0;
			defaultConfigurationName = Release;
		};
		ADF433862BCD78E100AB3A98 /* Build configuration list for PBXNativeTarget "Common" */ = {
			isa = XCConfigurationList;
			buildConfigurations = (
				ADF433872BCD78E100AB3A98 /* Debug */,
				ADF433882BCD78E100AB3A98 /* Release */,
			);
			defaultConfigurationIsVisible = 0;
			defaultConfigurationName = Release;
		};
		ADF433962BCD78EE00AB3A98 /* Build configuration list for PBXNativeTarget "Domain" */ = {
			isa = XCConfigurationList;
			buildConfigurations = (
				ADF433972BCD78EE00AB3A98 /* Debug */,
				ADF433982BCD78EE00AB3A98 /* Release */,
			);
			defaultConfigurationIsVisible = 0;
			defaultConfigurationName = Release;
		};
		ADF433A62BCD78F800AB3A98 /* Build configuration list for PBXNativeTarget "DataBase" */ = {
			isa = XCConfigurationList;
			buildConfigurations = (
				ADF433A72BCD78F800AB3A98 /* Debug */,
				ADF433A82BCD78F800AB3A98 /* Release */,
			);
			defaultConfigurationIsVisible = 0;
			defaultConfigurationName = Release;
		};
/* End XCConfigurationList section */

/* Begin XCVersionGroup section */
		ADF433B92BCD7A0B00AB3A98 /* HelpTechApp.xcdatamodeld */ = {
			isa = XCVersionGroup;
			children = (
				ADF433BA2BCD7A0B00AB3A98 /* HelpTechApp.xcdatamodel */,
			);
			currentVersion = ADF433BA2BCD7A0B00AB3A98 /* HelpTechApp.xcdatamodel */;
			name = HelpTechApp.xcdatamodeld;
			path = "/Users/tomartins/help-tech/HelpTech/DataBase/HelpTechApp.xcdatamodeld";
			sourceTree = "<group>";
			versionGroupType = wrapper.xcdatamodel;
		};
/* End XCVersionGroup section */
	};
	rootObject = AD3918AE2BCD67A200E57AF7 /* Project object */;
}
